
Microsoft Visual Studio Solution File, Format Version 12.00
# Visual Studio 15
VisualStudioVersion = 15.0.27130.2036
MinimumVisualStudioVersion = 10.0.40219.1
Project("{8BC9CEB8-8B4A-11D0-8D11-00A0C91BC942}") = "worksheet02", "worksheets\worksheets.vcxproj", "{094C52CC-6CB4-4CB8-B157-F8407CCC857E}"
EndProject
Project("{8BC9CEB8-8B4A-11D0-8D11-00A0C91BC942}") = "worksheet03", "worksheet03\worksheet03.vcxproj", "{7F75B3E7-8A3F-42BC-A847-F00656FDB069}"
EndProject
Project("{8BC9CEB8-8B4A-11D0-8D11-00A0C91BC942}") = "worksheet05", "worksheet05\worksheet05.vcxproj", "{BD3FCE15-C087-4C86-B6D0-0712ADCD5109}"
EndProject
Project("{8BC9CEB8-8B4A-11D0-8D11-00A0C91BC942}") = "worksheet06", "worksheet06\worksheet06.vcxproj", "{40140AC7-FB91-4ED4-8C79-52DEE77EB576}"
EndProject
Project("{8BC9CEB8-8B4A-11D0-8D11-00A0C91BC942}") = "worksheet07", "worksheet07\worksheet07.vcxproj", "{EAF958BE-9B16-4B48-8BE0-4FAA9FC08CD9}"
EndProject
Project("{8BC9CEB8-8B4A-11D0-8D11-00A0C91BC942}") = "worksheet08", "worksheet08\worksheet08.vcxproj", "{1688FFF5-2508-4450-844C-B875C56876F5}"
EndProject
Project("{8BC9CEB8-8B4A-11D0-8D11-00A0C91BC942}") = "worksheet09", "worksheet09\worksheet09.vcxproj", "{FA168086-F495-4D0A-ACD4-3EAFDD73A6F2}"
EndProject
Project("{8BC9CEB8-8B4A-11D0-8D11-00A0C91BC942}") = "worksheet12", "worksheet12\worksheet12.vcxproj", "{DA1B1518-7FF1-43FD-A398-0D5023055838}"
EndProject
Global
	GlobalSection(SolutionConfigurationPlatforms) = preSolution
		Debug|x64 = Debug|x64
		Debug|x86 = Debug|x86
		Release|x64 = Release|x64
		Release|x86 = Release|x86
	EndGlobalSection
	GlobalSection(ProjectConfigurationPlatforms) = postSolution
		{094C52CC-6CB4-4CB8-B157-F8407CCC857E}.Debug|x64.ActiveCfg = Debug|x64
		{094C52CC-6CB4-4CB8-B157-F8407CCC857E}.Debug|x64.Build.0 = Debug|x64
		{094C52CC-6CB4-4CB8-B157-F8407CCC857E}.Debug|x86.ActiveCfg = Debug|Win32
		{094C52CC-6CB4-4CB8-B157-F8407CCC857E}.Debug|x86.Build.0 = Debug|Win32
		{094C52CC-6CB4-4CB8-B157-F8407CCC857E}.Release|x64.ActiveCfg = Release|x64
		{094C52CC-6CB4-4CB8-B157-F8407CCC857E}.Release|x64.Build.0 = Release|x64
		{094C52CC-6CB4-4CB8-B157-F8407CCC857E}.Release|x86.ActiveCfg = Release|Win32
		{094C52CC-6CB4-4CB8-B157-F8407CCC857E}.Release|x86.Build.0 = Release|Win32
		{7F75B3E7-8A3F-42BC-A847-F00656FDB069}.Debug|x64.ActiveCfg = Debug|x64
		{7F75B3E7-8A3F-42BC-A847-F00656FDB069}.Debug|x64.Build.0 = Debug|x64
		{7F75B3E7-8A3F-42BC-A847-F00656FDB069}.Debug|x86.ActiveCfg = Debug|Win32
		{7F75B3E7-8A3F-42BC-A847-F00656FDB069}.Debug|x86.Build.0 = Debug|Win32
		{7F75B3E7-8A3F-42BC-A847-F00656FDB069}.Release|x64.ActiveCfg = Release|x64
		{7F75B3E7-8A3F-42BC-A847-F00656FDB069}.Release|x64.Build.0 = Release|x64
		{7F75B3E7-8A3F-42BC-A847-F00656FDB069}.Release|x86.ActiveCfg = Release|Win32
		{7F75B3E7-8A3F-42BC-A847-F00656FDB069}.Release|x86.Build.0 = Release|Win32
		{BD3FCE15-C087-4C86-B6D0-0712ADCD5109}.Debug|x64.ActiveCfg = Debug|x64
		{BD3FCE15-C087-4C86-B6D0-0712ADCD5109}.Debug|x64.Build.0 = Debug|x64
		{BD3FCE15-C087-4C86-B6D0-0712ADCD5109}.Debug|x86.ActiveCfg = Debug|Win32
		{BD3FCE15-C087-4C86-B6D0-0712ADCD5109}.Debug|x86.Build.0 = Debug|Win32
		{BD3FCE15-C087-4C86-B6D0-0712ADCD5109}.Release|x64.ActiveCfg = Release|x64
		{BD3FCE15-C087-4C86-B6D0-0712ADCD5109}.Release|x64.Build.0 = Release|x64
		{BD3FCE15-C087-4C86-B6D0-0712ADCD5109}.Release|x86.ActiveCfg = Release|Win32
		{BD3FCE15-C087-4C86-B6D0-0712ADCD5109}.Release|x86.Build.0 = Release|Win32
		{40140AC7-FB91-4ED4-8C79-52DEE77EB576}.Debug|x64.ActiveCfg = Debug|x64
		{40140AC7-FB91-4ED4-8C79-52DEE77EB576}.Debug|x64.Build.0 = Debug|x64
		{40140AC7-FB91-4ED4-8C79-52DEE77EB576}.Debug|x86.ActiveCfg = Debug|Win32
		{40140AC7-FB91-4ED4-8C79-52DEE77EB576}.Debug|x86.Build.0 = Debug|Win32
		{40140AC7-FB91-4ED4-8C79-52DEE77EB576}.Release|x64.ActiveCfg = Release|x64
		{40140AC7-FB91-4ED4-8C79-52DEE77EB576}.Release|x64.Build.0 = Release|x64
		{40140AC7-FB91-4ED4-8C79-52DEE77EB576}.Release|x86.ActiveCfg = Release|Win32
		{40140AC7-FB91-4ED4-8C79-52DEE77EB576}.Release|x86.Build.0 = Release|Win32
		{EAF958BE-9B16-4B48-8BE0-4FAA9FC08CD9}.Debug|x64.ActiveCfg = Debug|x64
		{EAF958BE-9B16-4B48-8BE0-4FAA9FC08CD9}.Debug|x64.Build.0 = Debug|x64
		{EAF958BE-9B16-4B48-8BE0-4FAA9FC08CD9}.Debug|x86.ActiveCfg = Debug|Win32
		{EAF958BE-9B16-4B48-8BE0-4FAA9FC08CD9}.Debug|x86.Build.0 = Debug|Win32
		{EAF958BE-9B16-4B48-8BE0-4FAA9FC08CD9}.Release|x64.ActiveCfg = Release|x64
		{EAF958BE-9B16-4B48-8BE0-4FAA9FC08CD9}.Release|x64.Build.0 = Release|x64
		{EAF958BE-9B16-4B48-8BE0-4FAA9FC08CD9}.Release|x86.ActiveCfg = Release|Win32
		{EAF958BE-9B16-4B48-8BE0-4FAA9FC08CD9}.Release|x86.Build.0 = Release|Win32
		{1688FFF5-2508-4450-844C-B875C56876F5}.Debug|x64.ActiveCfg = Debug|x64
		{1688FFF5-2508-4450-844C-B875C56876F5}.Debug|x64.Build.0 = Debug|x64
		{1688FFF5-2508-4450-844C-B875C56876F5}.Debug|x86.ActiveCfg = Debug|Win32
		{1688FFF5-2508-4450-844C-B875C56876F5}.Debug|x86.Build.0 = Debug|Win32
		{1688FFF5-2508-4450-844C-B875C56876F5}.Release|x64.ActiveCfg = Release|x64
		{1688FFF5-2508-4450-844C-B875C56876F5}.Release|x64.Build.0 = Release|x64
		{1688FFF5-2508-4450-844C-B875C56876F5}.Release|x86.ActiveCfg = Release|Win32
		{1688FFF5-2508-4450-844C-B875C56876F5}.Release|x86.Build.0 = Release|Win32
		{FA168086-F495-4D0A-ACD4-3EAFDD73A6F2}.Debug|x64.ActiveCfg = Debug|x64
		{FA168086-F495-4D0A-ACD4-3EAFDD73A6F2}.Debug|x64.Build.0 = Debug|x64
		{FA168086-F495-4D0A-ACD4-3EAFDD73A6F2}.Debug|x86.ActiveCfg = Debug|Win32
		{FA168086-F495-4D0A-ACD4-3EAFDD73A6F2}.Debug|x86.Build.0 = Debug|Win32
		{FA168086-F495-4D0A-ACD4-3EAFDD73A6F2}.Release|x64.ActiveCfg = Release|x64
		{FA168086-F495-4D0A-ACD4-3EAFDD73A6F2}.Release|x64.Build.0 = Release|x64
		{FA168086-F495-4D0A-ACD4-3EAFDD73A6F2}.Release|x86.ActiveCfg = Release|Win32
		{FA168086-F495-4D0A-ACD4-3EAFDD73A6F2}.Release|x86.Build.0 = Release|Win32
		{DA1B1518-7FF1-43FD-A398-0D5023055838}.Debug|x64.ActiveCfg = Debug|x64
		{DA1B1518-7FF1-43FD-A398-0D5023055838}.Debug|x64.Build.0 = Debug|x64
		{DA1B1518-7FF1-43FD-A398-0D5023055838}.Debug|x86.ActiveCfg = Debug|Win32
		{DA1B1518-7FF1-43FD-A398-0D5023055838}.Debug|x86.Build.0 = Debug|Win32
		{DA1B1518-7FF1-43FD-A398-0D5023055838}.Release|x64.ActiveCfg = Release|x64
		{DA1B1518-7FF1-43FD-A398-0D5023055838}.Release|x64.Build.0 = Release|x64
		{DA1B1518-7FF1-43FD-A398-0D5023055838}.Release|x86.ActiveCfg = Release|Win32
		{DA1B1518-7FF1-43FD-A398-0D5023055838}.Release|x86.Build.0 = Release|Win32
	EndGlobalSection
	GlobalSection(SolutionProperties) = preSolution
		HideSolutionNode = FALSE
	EndGlobalSection
	GlobalSection(ExtensibilityGlobals) = postSolution
		SolutionGuid = {67AA9BF4-6E74-4CA9-80E6-513F326B8F28}
	EndGlobalSection
EndGlobal
