
Microsoft Visual Studio Solution File, Format Version 12.00
# Visual Studio 15
VisualStudioVersion = 15.0.27130.2036
MinimumVisualStudioVersion = 10.0.40219.1
Project("{8BC9CEB8-8B4A-11D0-8D11-00A0C91BC942}") = "PT1", "ProgrammingTests\ProgrammingTests.vcxproj", "{3C017141-ABD9-4D9C-A38D-759847266238}"
EndProject
Project("{8BC9CEB8-8B4A-11D0-8D11-00A0C91BC942}") = "ProgrammingTest1", "ProgrammingTest1\ProgrammingTest1.vcxproj", "{970969C3-7A5D-4FC9-B241-931C4531A8AB}"
EndProject
Project("{8BC9CEB8-8B4A-11D0-8D11-00A0C91BC942}") = "PT2", "PT2\PT2.vcxproj", "{D9D8C9EA-6E41-4C06-AD6C-D3F152CEA0ED}"
EndProject
Project("{8BC9CEB8-8B4A-11D0-8D11-00A0C91BC942}") = "PT3", "PT3\PT3.vcxproj", "{5D852D20-6514-4D81-B409-F4128E458995}"
EndProject
Global
	GlobalSection(SolutionConfigurationPlatforms) = preSolution
		Debug|x64 = Debug|x64
		Debug|x86 = Debug|x86
		Release|x64 = Release|x64
		Release|x86 = Release|x86
	EndGlobalSection
	GlobalSection(ProjectConfigurationPlatforms) = postSolution
		{3C017141-ABD9-4D9C-A38D-759847266238}.Debug|x64.ActiveCfg = Debug|x64
		{3C017141-ABD9-4D9C-A38D-759847266238}.Debug|x64.Build.0 = Debug|x64
		{3C017141-ABD9-4D9C-A38D-759847266238}.Debug|x86.ActiveCfg = Debug|Win32
		{3C017141-ABD9-4D9C-A38D-759847266238}.Debug|x86.Build.0 = Debug|Win32
		{3C017141-ABD9-4D9C-A38D-759847266238}.Release|x64.ActiveCfg = Release|x64
		{3C017141-ABD9-4D9C-A38D-759847266238}.Release|x64.Build.0 = Release|x64
		{3C017141-ABD9-4D9C-A38D-759847266238}.Release|x86.ActiveCfg = Release|Win32
		{3C017141-ABD9-4D9C-A38D-759847266238}.Release|x86.Build.0 = Release|Win32
		{970969C3-7A5D-4FC9-B241-931C4531A8AB}.Debug|x64.ActiveCfg = Debug|x64
		{970969C3-7A5D-4FC9-B241-931C4531A8AB}.Debug|x64.Build.0 = Debug|x64
		{970969C3-7A5D-4FC9-B241-931C4531A8AB}.Debug|x86.ActiveCfg = Debug|Win32
		{970969C3-7A5D-4FC9-B241-931C4531A8AB}.Debug|x86.Build.0 = Debug|Win32
		{970969C3-7A5D-4FC9-B241-931C4531A8AB}.Release|x64.ActiveCfg = Release|x64
		{970969C3-7A5D-4FC9-B241-931C4531A8AB}.Release|x64.Build.0 = Release|x64
		{970969C3-7A5D-4FC9-B241-931C4531A8AB}.Release|x86.ActiveCfg = Release|Win32
		{970969C3-7A5D-4FC9-B241-931C4531A8AB}.Release|x86.Build.0 = Release|Win32
		{D9D8C9EA-6E41-4C06-AD6C-D3F152CEA0ED}.Debug|x64.ActiveCfg = Debug|x64
		{D9D8C9EA-6E41-4C06-AD6C-D3F152CEA0ED}.Debug|x64.Build.0 = Debug|x64
		{D9D8C9EA-6E41-4C06-AD6C-D3F152CEA0ED}.Debug|x86.ActiveCfg = Debug|Win32
		{D9D8C9EA-6E41-4C06-AD6C-D3F152CEA0ED}.Debug|x86.Build.0 = Debug|Win32
		{D9D8C9EA-6E41-4C06-AD6C-D3F152CEA0ED}.Release|x64.ActiveCfg = Release|x64
		{D9D8C9EA-6E41-4C06-AD6C-D3F152CEA0ED}.Release|x64.Build.0 = Release|x64
		{D9D8C9EA-6E41-4C06-AD6C-D3F152CEA0ED}.Release|x86.ActiveCfg = Release|Win32
		{D9D8C9EA-6E41-4C06-AD6C-D3F152CEA0ED}.Release|x86.Build.0 = Release|Win32
		{5D852D20-6514-4D81-B409-F4128E458995}.Debug|x64.ActiveCfg = Debug|x64
		{5D852D20-6514-4D81-B409-F4128E458995}.Debug|x64.Build.0 = Debug|x64
		{5D852D20-6514-4D81-B409-F4128E458995}.Debug|x86.ActiveCfg = Debug|Win32
		{5D852D20-6514-4D81-B409-F4128E458995}.Debug|x86.Build.0 = Debug|Win32
		{5D852D20-6514-4D81-B409-F4128E458995}.Release|x64.ActiveCfg = Release|x64
		{5D852D20-6514-4D81-B409-F4128E458995}.Release|x64.Build.0 = Release|x64
		{5D852D20-6514-4D81-B409-F4128E458995}.Release|x86.ActiveCfg = Release|Win32
		{5D852D20-6514-4D81-B409-F4128E458995}.Release|x86.Build.0 = Release|Win32
	EndGlobalSection
	GlobalSection(SolutionProperties) = preSolution
		HideSolutionNode = FALSE
	EndGlobalSection
	GlobalSection(ExtensibilityGlobals) = postSolution
		SolutionGuid = {F253CC6C-B336-480A-9D22-A10C3601F8BA}
	EndGlobalSection
EndGlobal
